PODS:
  - SK4Toolkit (2.7.1)

DEPENDENCIES:
  - SK4Toolkit (from `https://github.com/See-Ku/SK4Toolkit.git`)

EXTERNAL SOURCES:
  SK4Toolkit:
    :git: https://github.com/See-Ku/SK4Toolkit.git

CHECKOUT OPTIONS:
  SK4Toolkit:
    :commit: ada7ceb8157577fc9eeef090097efb22e96eca0f
    :git: https://github.com/See-Ku/SK4Toolkit.git

SPEC CHECKSUMS:
  SK4Toolkit: 54c0db713e35ffb1507f5f7c42fee758b034ac82

COCOAPODS: 0.39.0
