// !$*UTF8*$!
{
	archiveVersion = 1;
	classes = {
	};
	objectVersion = 46;
	objects = {

/* Begin PBXBuildFile section */
		61BD5034C39083140A7CBC21 /* Pods.framework in Frameworks */ = {isa = PBXBuildFile; fileRef = 5FE9C6B8DEC66A6BB79D1B76 /* Pods.framework */; };
		8716764F1CB0915800B90CDD /* ConfigSize.swift in Sources */ = {isa = PBXBuildFile; fileRef = 8716764E1CB0915800B90CDD /* ConfigSize.swift */; };
		871952A71CAFDEEC006137BE /* UnitConfig.swift in Sources */ = {isa = PBXBuildFile; fileRef = 871952A61CAFDEEC006137BE /* UnitConfig.swift */; };
		871952A91CAFE664006137BE /* ConfigMargin.swift in Sources */ = {isa = PBXBuildFile; fileRef = 871952A81CAFE664006137BE /* ConfigMargin.swift */; };
		871CC5421CB0B4B800300717 /* UnitSortViewController.swift in Sources */ = {isa = PBXBuildFile; fileRef = 871CC5411CB0B4B800300717 /* UnitSortViewController.swift */; };
		871CC5441CB0B52A00300717 /* UnitSortTableAdmin.swift in Sources */ = {isa = PBXBuildFile; fileRef = 871CC5431CB0B52A00300717 /* UnitSortTableAdmin.swift */; };
		8760C88D1CAF90E90008C0F7 /* UnitListViewController.swift in Sources */ = {isa = PBXBuildFile; fileRef = 8760C88C1CAF90E90008C0F7 /* UnitListViewController.swift */; };
		8760C88F1CAF92380008C0F7 /* UnitListTableAdmin.swift in Sources */ = {isa = PBXBuildFile; fileRef = 8760C88E1CAF92380008C0F7 /* UnitListTableAdmin.swift */; };
		8760C8911CAF92830008C0F7 /* UnitTableAdmin.swift in Sources */ = {isa = PBXBuildFile; fileRef = 8760C8901CAF92830008C0F7 /* UnitTableAdmin.swift */; };
		8760C8931CAFAFED0008C0F7 /* UnitConfigViewController.swift in Sources */ = {isa = PBXBuildFile; fileRef = 8760C8921CAFAFED0008C0F7 /* UnitConfigViewController.swift */; };
		87BBED161CAF2E8000FF05A1 /* AppDelegate.swift in Sources */ = {isa = PBXBuildFile; fileRef = 87BBED151CAF2E8000FF05A1 /* AppDelegate.swift */; };
		87BBED1B1CAF2E8000FF05A1 /* Main.storyboard in Resources */ = {isa = PBXBuildFile; fileRef = 87BBED191CAF2E8000FF05A1 /* Main.storyboard */; };
		87BBED1D1CAF2E8000FF05A1 /* Assets.xcassets in Resources */ = {isa = PBXBuildFile; fileRef = 87BBED1C1CAF2E8000FF05A1 /* Assets.xcassets */; };
		87BBED201CAF2E8000FF05A1 /* LaunchScreen.storyboard in Resources */ = {isa = PBXBuildFile; fileRef = 87BBED1E1CAF2E8000FF05A1 /* LaunchScreen.storyboard */; };
		87BBED361CAF2E8000FF05A1 /* DivideLayoutMakerUITests.swift in Sources */ = {isa = PBXBuildFile; fileRef = 87BBED351CAF2E8000FF05A1 /* DivideLayoutMakerUITests.swift */; };
		87BBED451CAF305E00FF05A1 /* LayoutListViewController.swift in Sources */ = {isa = PBXBuildFile; fileRef = 87BBED441CAF305E00FF05A1 /* LayoutListViewController.swift */; };
		87BBED471CAF30B200FF05A1 /* LayoutListTableAdmin.swift in Sources */ = {isa = PBXBuildFile; fileRef = 87BBED461CAF30B200FF05A1 /* LayoutListTableAdmin.swift */; };
		87BBED4B1CAF372E00FF05A1 /* AppAdmin.swift in Sources */ = {isa = PBXBuildFile; fileRef = 87BBED4A1CAF372E00FF05A1 /* AppAdmin.swift */; };
		87BBED4D1CAF3AED00FF05A1 /* LayoutFile.swift in Sources */ = {isa = PBXBuildFile; fileRef = 87BBED4C1CAF3AED00FF05A1 /* LayoutFile.swift */; };
		87BBED5E1CAF4E8700FF05A1 /* LayoutEditViewController.swift in Sources */ = {isa = PBXBuildFile; fileRef = 87BBED5D1CAF4E8700FF05A1 /* LayoutEditViewController.swift */; };
		87BBED601CAF504700FF05A1 /* LayoutEditView.swift in Sources */ = {isa = PBXBuildFile; fileRef = 87BBED5F1CAF504700FF05A1 /* LayoutEditView.swift */; };
		87BBED621CAF516400FF05A1 /* FileConfig.swift in Sources */ = {isa = PBXBuildFile; fileRef = 87BBED611CAF516400FF05A1 /* FileConfig.swift */; };
		87FC53C61CB253530081078A /* DivideLayoutMakerTests.swift in Sources */ = {isa = PBXBuildFile; fileRef = 87FC53C51CB253530081078A /* DivideLayoutMakerTests.swift */; };
/* End PBXBuildFile section */

/* Begin PBXContainerItemProxy section */
		87BBED271CAF2E8000FF05A1 /* PBXContainerItemProxy */ = {
			isa = PBXContainerItemProxy;
			containerPortal = 87BBED0A1CAF2E8000FF05A1 /* Project object */;
			proxyType = 1;
			remoteGlobalIDString = 87BBED111CAF2E8000FF05A1;
			remoteInfo = DivideLayoutMaker;
		};
		87BBED321CAF2E8000FF05A1 /* PBXContainerItemProxy */ = {
			isa = PBXContainerItemProxy;
			containerPortal = 87BBED0A1CAF2E8000FF05A1 /* Project object */;
			proxyType = 1;
			remoteGlobalIDString = 87BBED111CAF2E8000FF05A1;
			remoteInfo = DivideLayoutMaker;
		};
/* End PBXContainerItemProxy section */

/* Begin PBXCopyFilesBuildPhase section */
		87FC53A81CB205430081078A /* Embed Frameworks */ = {
			isa = PBXCopyFilesBuildPhase;
			buildActionMask = 2147483647;
			dstPath = "";
			dstSubfolderSpec = 10;
			files = (
			);
			name = "Embed Frameworks";
			runOnlyForDeploymentPostprocessing = 0;
		};
/* End PBXCopyFilesBuildPhase section */

/* Begin PBXFileReference section */
		22DF525BFE12B802B694968A /* Pods.debug.xcconfig */ = {isa = PBXFileReference; includeInIndex = 1; lastKnownFileType = text.xcconfig; name = Pods.debug.xcconfig; path = "Pods/Target Support Files/Pods/Pods.debug.xcconfig"; sourceTree = "<group>"; };
		5FE9C6B8DEC66A6BB79D1B76 /* Pods.framework */ = {isa = PBXFileReference; explicitFileType = wrapper.framework; includeInIndex = 0; path = Pods.framework; sourceTree = BUILT_PRODUCTS_DIR; };
		8716764E1CB0915800B90CDD /* ConfigSize.swift */ = {isa = PBXFileReference; fileEncoding = 4; lastKnownFileType = sourcecode.swift; path = ConfigSize.swift; sourceTree = "<group>"; };
		871952A61CAFDEEC006137BE /* UnitConfig.swift */ = {isa = PBXFileReference; fileEncoding = 4; lastKnownFileType = sourcecode.swift; path = UnitConfig.swift; sourceTree = "<group>"; };
		871952A81CAFE664006137BE /* ConfigMargin.swift */ = {isa = PBXFileReference; fileEncoding = 4; lastKnownFileType = sourcecode.swift; path = ConfigMargin.swift; sourceTree = "<group>"; };
		871CC5411CB0B4B800300717 /* UnitSortViewController.swift */ = {isa = PBXFileReference; fileEncoding = 4; lastKnownFileType = sourcecode.swift; path = UnitSortViewController.swift; sourceTree = "<group>"; };
		871CC5431CB0B52A00300717 /* UnitSortTableAdmin.swift */ = {isa = PBXFileReference; fileEncoding = 4; lastKnownFileType = sourcecode.swift; path = UnitSortTableAdmin.swift; sourceTree = "<group>"; };
		8738B0B776A2A461DFDFDA46 /* Pods.release.xcconfig */ = {isa = PBXFileReference; includeInIndex = 1; lastKnownFileType = text.xcconfig; name = Pods.release.xcconfig; path = "Pods/Target Support Files/Pods/Pods.release.xcconfig"; sourceTree = "<group>"; };
		8760C88C1CAF90E90008C0F7 /* UnitListViewController.swift */ = {isa = PBXFileReference; fileEncoding = 4; lastKnownFileType = sourcecode.swift; path = UnitListViewController.swift; sourceTree = "<group>"; };
		8760C88E1CAF92380008C0F7 /* UnitListTableAdmin.swift */ = {isa = PBXFileReference; fileEncoding = 4; lastKnownFileType = sourcecode.swift; path = UnitListTableAdmin.swift; sourceTree = "<group>"; };
		8760C8901CAF92830008C0F7 /* UnitTableAdmin.swift */ = {isa = PBXFileReference; fileEncoding = 4; lastKnownFileType = sourcecode.swift; path = UnitTableAdmin.swift; sourceTree = "<group>"; };
		8760C8921CAFAFED0008C0F7 /* UnitConfigViewController.swift */ = {isa = PBXFileReference; fileEncoding = 4; lastKnownFileType = sourcecode.swift; path = UnitConfigViewController.swift; sourceTree = "<group>"; };
		87BBED121CAF2E8000FF05A1 /* DivideLayoutMaker.app */ = {isa = PBXFileReference; explicitFileType = wrapper.application; includeInIndex = 0; path = DivideLayoutMaker.app; sourceTree = BUILT_PRODUCTS_DIR; };
		87BBED151CAF2E8000FF05A1 /* AppDelegate.swift */ = {isa = PBXFileReference; lastKnownFileType = sourcecode.swift; path = AppDelegate.swift; sourceTree = "<group>"; };
		87BBED1A1CAF2E8000FF05A1 /* Base */ = {isa = PBXFileReference; lastKnownFileType = file.storyboard; name = Base; path = Base.lproj/Main.storyboard; sourceTree = "<group>"; };
		87BBED1C1CAF2E8000FF05A1 /* Assets.xcassets */ = {isa = PBXFileReference; lastKnownFileType = folder.assetcatalog; path = Assets.xcassets; sourceTree = "<group>"; };
		87BBED1F1CAF2E8000FF05A1 /* Base */ = {isa = PBXFileReference; lastKnownFileType = file.storyboard; name = Base; path = Base.lproj/LaunchScreen.storyboard; sourceTree = "<group>"; };
		87BBED211CAF2E8000FF05A1 /* Info.plist */ = {isa = PBXFileReference; lastKnownFileType = text.plist.xml; path = Info.plist; sourceTree = "<group>"; };
		87BBED261CAF2E8000FF05A1 /* DivideLayoutMakerTests.xctest */ = {isa = PBXFileReference; explicitFileType = wrapper.cfbundle; includeInIndex = 0; path = DivideLayoutMakerTests.xctest; sourceTree = BUILT_PRODUCTS_DIR; };
		87BBED2C1CAF2E8000FF05A1 /* Info.plist */ = {isa = PBXFileReference; lastKnownFileType = text.plist.xml; path = Info.plist; sourceTree = "<group>"; };
		87BBED311CAF2E8000FF05A1 /* DivideLayoutMakerUITests.xctest */ = {isa = PBXFileReference; explicitFileType = wrapper.cfbundle; includeInIndex = 0; path = DivideLayoutMakerUITests.xctest; sourceTree = BUILT_PRODUCTS_DIR; };
		87BBED351CAF2E8000FF05A1 /* DivideLayoutMakerUITests.swift */ = {isa = PBXFileReference; lastKnownFileType = sourcecode.swift; path = DivideLayoutMakerUITests.swift; sourceTree = "<group>"; };
		87BBED371CAF2E8000FF05A1 /* Info.plist */ = {isa = PBXFileReference; lastKnownFileType = text.plist.xml; path = Info.plist; sourceTree = "<group>"; };
		87BBED441CAF305E00FF05A1 /* LayoutListViewController.swift */ = {isa = PBXFileReference; fileEncoding = 4; lastKnownFileType = sourcecode.swift; path = LayoutListViewController.swift; sourceTree = "<group>"; };
		87BBED461CAF30B200FF05A1 /* LayoutListTableAdmin.swift */ = {isa = PBXFileReference; fileEncoding = 4; lastKnownFileType = sourcecode.swift; path = LayoutListTableAdmin.swift; sourceTree = "<group>"; };
		87BBED4A1CAF372E00FF05A1 /* AppAdmin.swift */ = {isa = PBXFileReference; fileEncoding = 4; lastKnownFileType = sourcecode.swift; path = AppAdmin.swift; sourceTree = "<group>"; };
		87BBED4C1CAF3AED00FF05A1 /* LayoutFile.swift */ = {isa = PBXFileReference; fileEncoding = 4; lastKnownFileType = sourcecode.swift; path = LayoutFile.swift; sourceTree = "<group>"; };
		87BBED5D1CAF4E8700FF05A1 /* LayoutEditViewController.swift */ = {isa = PBXFileReference; fileEncoding = 4; lastKnownFileType = sourcecode.swift; path = LayoutEditViewController.swift; sourceTree = "<group>"; };
		87BBED5F1CAF504700FF05A1 /* LayoutEditView.swift */ = {isa = PBXFileReference; fileEncoding = 4; lastKnownFileType = sourcecode.swift; path = LayoutEditView.swift; sourceTree = "<group>"; };
		87BBED611CAF516400FF05A1 /* FileConfig.swift */ = {isa = PBXFileReference; fileEncoding = 4; lastKnownFileType = sourcecode.swift; path = FileConfig.swift; sourceTree = "<group>"; };
		87FC53C51CB253530081078A /* DivideLayoutMakerTests.swift */ = {isa = PBXFileReference; fileEncoding = 4; lastKnownFileType = sourcecode.swift; path = DivideLayoutMakerTests.swift; sourceTree = "<group>"; };
/* End PBXFileReference section */

/* Begin PBXFrameworksBuildPhase section */
		87BBED0F1CAF2E8000FF05A1 /* Frameworks */ = {
			isa = PBXFrameworksBuildPhase;
			buildActionMask = 2147483647;
			files = (
				61BD5034C39083140A7CBC21 /* Pods.framework in Frameworks */,
			);
			runOnlyForDeploymentPostprocessing = 0;
		};
		87BBED231CAF2E8000FF05A1 /* Frameworks */ = {
			isa = PBXFrameworksBuildPhase;
			buildActionMask = 2147483647;
			files = (
			);
			runOnlyForDeploymentPostprocessing = 0;
		};
		87BBED2E1CAF2E8000FF05A1 /* Frameworks */ = {
			isa = PBXFrameworksBuildPhase;
			buildActionMask = 2147483647;
			files = (
			);
			runOnlyForDeploymentPostprocessing = 0;
		};
/* End PBXFrameworksBuildPhase section */

/* Begin PBXGroup section */
		2331F31F6B5058C6A8EF9028 /* Pods */ = {
			isa = PBXGroup;
			children = (
				22DF525BFE12B802B694968A /* Pods.debug.xcconfig */,
				8738B0B776A2A461DFDFDA46 /* Pods.release.xcconfig */,
			);
			name = Pods;
			sourceTree = "<group>";
		};
		8716764A1CB08C4800B90CDD /* LayoutList */ = {
			isa = PBXGroup;
			children = (
				87BBED441CAF305E00FF05A1 /* LayoutListViewController.swift */,
				87BBED461CAF30B200FF05A1 /* LayoutListTableAdmin.swift */,
			);
			name = LayoutList;
			sourceTree = "<group>";
		};
		8716764B1CB08C5F00B90CDD /* LayoutEdit */ = {
			isa = PBXGroup;
			children = (
				87BBED5D1CAF4E8700FF05A1 /* LayoutEditViewController.swift */,
				87BBED5F1CAF504700FF05A1 /* LayoutEditView.swift */,
				87BBED611CAF516400FF05A1 /* FileConfig.swift */,
			);
			name = LayoutEdit;
			sourceTree = "<group>";
		};
		8716764C1CB08CAA00B90CDD /* UnitList */ = {
			isa = PBXGroup;
			children = (
				8760C88C1CAF90E90008C0F7 /* UnitListViewController.swift */,
				8760C88E1CAF92380008C0F7 /* UnitListTableAdmin.swift */,
			);
			name = UnitList;
			sourceTree = "<group>";
		};
		8716764D1CB08E8C00B90CDD /* UnitConfig */ = {
			isa = PBXGroup;
			children = (
				8760C8921CAFAFED0008C0F7 /* UnitConfigViewController.swift */,
				871952A61CAFDEEC006137BE /* UnitConfig.swift */,
			);
			name = UnitConfig;
			sourceTree = "<group>";
		};
		871CC5451CB0B54300300717 /* UnitSort */ = {
			isa = PBXGroup;
			children = (
				871CC5411CB0B4B800300717 /* UnitSortViewController.swift */,
				871CC5431CB0B52A00300717 /* UnitSortTableAdmin.swift */,
			);
			name = UnitSort;
			sourceTree = "<group>";
		};
		87BBED091CAF2E8000FF05A1 = {
			isa = PBXGroup;
			children = (
				87BBED141CAF2E8000FF05A1 /* DivideLayoutMaker */,
				87BBED291CAF2E8000FF05A1 /* DivideLayoutMakerTests */,
				87BBED341CAF2E8000FF05A1 /* DivideLayoutMakerUITests */,
				87BBED131CAF2E8000FF05A1 /* Products */,
				2331F31F6B5058C6A8EF9028 /* Pods */,
				E09A0B6B626F6B0C0614E20E /* Frameworks */,
			);
			sourceTree = "<group>";
		};
		87BBED131CAF2E8000FF05A1 /* Products */ = {
			isa = PBXGroup;
			children = (
				87BBED121CAF2E8000FF05A1 /* DivideLayoutMaker.app */,
				87BBED261CAF2E8000FF05A1 /* DivideLayoutMakerTests.xctest */,
				87BBED311CAF2E8000FF05A1 /* DivideLayoutMakerUITests.xctest */,
			);
			name = Products;
			sourceTree = "<group>";
		};
		87BBED141CAF2E8000FF05A1 /* DivideLayoutMaker */ = {
			isa = PBXGroup;
			children = (
				87BBED151CAF2E8000FF05A1 /* AppDelegate.swift */,
				87BBED4A1CAF372E00FF05A1 /* AppAdmin.swift */,
				87BBED4C1CAF3AED00FF05A1 /* LayoutFile.swift */,
				8716764E1CB0915800B90CDD /* ConfigSize.swift */,
				871952A81CAFE664006137BE /* ConfigMargin.swift */,
				8760C8901CAF92830008C0F7 /* UnitTableAdmin.swift */,
				8716764A1CB08C4800B90CDD /* LayoutList */,
				8716764B1CB08C5F00B90CDD /* LayoutEdit */,
				8716764C1CB08CAA00B90CDD /* UnitList */,
				8716764D1CB08E8C00B90CDD /* UnitConfig */,
				871CC5451CB0B54300300717 /* UnitSort */,
				87BBED191CAF2E8000FF05A1 /* Main.storyboard */,
				87BBED1C1CAF2E8000FF05A1 /* Assets.xcassets */,
				87BBED1E1CAF2E8000FF05A1 /* LaunchScreen.storyboard */,
				87BBED211CAF2E8000FF05A1 /* Info.plist */,
			);
			path = DivideLayoutMaker;
			sourceTree = "<group>";
		};
		87BBED291CAF2E8000FF05A1 /* DivideLayoutMakerTests */ = {
			isa = PBXGroup;
			children = (
				87FC53C51CB253530081078A /* DivideLayoutMakerTests.swift */,
				87BBED2C1CAF2E8000FF05A1 /* Info.plist */,
			);
			path = DivideLayoutMakerTests;
			sourceTree = "<group>";
		};
		87BBED341CAF2E8000FF05A1 /* DivideLayoutMakerUITests */ = {
			isa = PBXGroup;
			children = (
				87BBED351CAF2E8000FF05A1 /* DivideLayoutMakerUITests.swift */,
				87BBED371CAF2E8000FF05A1 /* Info.plist */,
			);
			path = DivideLayoutMakerUITests;
			sourceTree = "<group>";
		};
		E09A0B6B626F6B0C0614E20E /* Frameworks */ = {
			isa = PBXGroup;
			children = (
				5FE9C6B8DEC66A6BB79D1B76 /* Pods.framework */,
			);
			name = Frameworks;
			sourceTree = "<group>";
		};
/* End PBXGroup section */

/* Begin PBXNativeTarget section */
		87BBED111CAF2E8000FF05A1 /* DivideLayoutMaker */ = {
			isa = PBXNativeTarget;
			buildConfigurationList = 87BBED3A1CAF2E8100FF05A1 /* Build configuration list for PBXNativeTarget "DivideLayoutMaker" */;
			buildPhases = (
				F6C57B190B8C77B9A7CF75D9 /* Check Pods Manifest.lock */,
				87BBED0E1CAF2E8000FF05A1 /* Sources */,
				87BBED0F1CAF2E8000FF05A1 /* Frameworks */,
				87BBED101CAF2E8000FF05A1 /* Resources */,
				87FC53A81CB205430081078A /* Embed Frameworks */,
				166D4D9EA0C517CDBF1877A8 /* Embed Pods Frameworks */,
				34AE3A9AB28BD9D99CC07380 /* Copy Pods Resources */,
			);
			buildRules = (
			);
			dependencies = (
			);
			name = DivideLayoutMaker;
			productName = DivideLayoutMaker;
			productReference = 87BBED121CAF2E8000FF05A1 /* DivideLayoutMaker.app */;
			productType = "com.apple.product-type.application";
		};
		87BBED251CAF2E8000FF05A1 /* DivideLayoutMakerTests */ = {
			isa = PBXNativeTarget;
			buildConfigurationList = 87BBED3D1CAF2E8100FF05A1 /* Build configuration list for PBXNativeTarget "DivideLayoutMakerTests" */;
			buildPhases = (
				87BBED221CAF2E8000FF05A1 /* Sources */,
				87BBED231CAF2E8000FF05A1 /* Frameworks */,
				87BBED241CAF2E8000FF05A1 /* Resources */,
			);
			buildRules = (
			);
			dependencies = (
				87BBED281CAF2E8000FF05A1 /* PBXTargetDependency */,
			);
			name = DivideLayoutMakerTests;
			productName = DivideLayoutMakerTests;
			productReference = 87BBED261CAF2E8000FF05A1 /* DivideLayoutMakerTests.xctest */;
			productType = "com.apple.product-type.bundle.unit-test";
		};
		87BBED301CAF2E8000FF05A1 /* DivideLayoutMakerUITests */ = {
			isa = PBXNativeTarget;
			buildConfigurationList = 87BBED401CAF2E8100FF05A1 /* Build configuration list for PBXNativeTarget "DivideLayoutMakerUITests" */;
			buildPhases = (
				87BBED2D1CAF2E8000FF05A1 /* Sources */,
				87BBED2E1CAF2E8000FF05A1 /* Frameworks */,
				87BBED2F1CAF2E8000FF05A1 /* Resources */,
			);
			buildRules = (
			);
			dependencies = (
				87BBED331CAF2E8000FF05A1 /* PBXTargetDependency */,
			);
			name = DivideLayoutMakerUITests;
			productName = DivideLayoutMakerUITests;
			productReference = 87BBED311CAF2E8000FF05A1 /* DivideLayoutMakerUITests.xctest */;
			productType = "com.apple.product-type.bundle.ui-testing";
		};
/* End PBXNativeTarget section */

/* Begin PBXProject section */
		87BBED0A1CAF2E8000FF05A1 /* Project object */ = {
			isa = PBXProject;
			attributes = {
				LastSwiftUpdateCheck = 0730;
				LastUpgradeCheck = 0730;
				ORGANIZATIONNAME = AxeRoad;
				TargetAttributes = {
					87BBED111CAF2E8000FF05A1 = {
						CreatedOnToolsVersion = 7.3;
					};
					87BBED251CAF2E8000FF05A1 = {
						CreatedOnToolsVersion = 7.3;
						TestTargetID = 87BBED111CAF2E8000FF05A1;
					};
					87BBED301CAF2E8000FF05A1 = {
						CreatedOnToolsVersion = 7.3;
						TestTargetID = 87BBED111CAF2E8000FF05A1;
					};
				};
			};
			buildConfigurationList = 87BBED0D1CAF2E8000FF05A1 /* Build configuration list for PBXProject "DivideLayoutMaker" */;
			compatibilityVersion = "Xcode 3.2";
			developmentRegion = English;
			hasScannedForEncodings = 0;
			knownRegions = (
				en,
				Base,
			);
			mainGroup = 87BBED091CAF2E8000FF05A1;
			productRefGroup = 87BBED131CAF2E8000FF05A1 /* Products */;
			projectDirPath = "";
			projectRoot = "";
			targets = (
				87BBED111CAF2E8000FF05A1 /* DivideLayoutMaker */,
				87BBED251CAF2E8000FF05A1 /* DivideLayoutMakerTests */,
				87BBED301CAF2E8000FF05A1 /* DivideLayoutMakerUITests */,
			);
		};
/* End PBXProject section */

/* Begin PBXResourcesBuildPhase section */
		87BBED101CAF2E8000FF05A1 /* Resources */ = {
			isa = PBXResourcesBuildPhase;
			buildActionMask = 2147483647;
			files = (
				87BBED201CAF2E8000FF05A1 /* LaunchScreen.storyboard in Resources */,
				87BBED1D1CAF2E8000FF05A1 /* Assets.xcassets in Resources */,
				87BBED1B1CAF2E8000FF05A1 /* Main.storyboard in Resources */,
			);
			runOnlyForDeploymentPostprocessing = 0;
		};
		87BBED241CAF2E8000FF05A1 /* Resources */ = {
			isa = PBXResourcesBuildPhase;
			buildActionMask = 2147483647;
			files = (
			);
			runOnlyForDeploymentPostprocessing = 0;
		};
		87BBED2F1CAF2E8000FF05A1 /* Resources */ = {
			isa = PBXResourcesBuildPhase;
			buildActionMask = 2147483647;
			files = (
			);
			runOnlyForDeploymentPostprocessing = 0;
		};
/* End PBXResourcesBuildPhase section */

/* Begin PBXShellScriptBuildPhase section */
		166D4D9EA0C517CDBF1877A8 /* Embed Pods Frameworks */ = {
			isa = PBXShellScriptBuildPhase;
			buildActionMask = 2147483647;
			files = (
			);
			inputPaths = (
			);
			name = "Embed Pods Frameworks";
			outputPaths = (
			);
			runOnlyForDeploymentPostprocessing = 0;
			shellPath = /bin/sh;
			shellScript = "\"${SRCROOT}/Pods/Target Support Files/Pods/Pods-frameworks.sh\"\n";
			showEnvVarsInLog = 0;
		};
		34AE3A9AB28BD9D99CC07380 /* Copy Pods Resources */ = {
			isa = PBXShellScriptBuildPhase;
			buildActionMask = 2147483647;
			files = (
			);
			inputPaths = (
			);
			name = "Copy Pods Resources";
			outputPaths = (
			);
			runOnlyForDeploymentPostprocessing = 0;
			shellPath = /bin/sh;
			shellScript = "\"${SRCROOT}/Pods/Target Support Files/Pods/Pods-resources.sh\"\n";
			showEnvVarsInLog = 0;
		};
		F6C57B190B8C77B9A7CF75D9 /* Check Pods Manifest.lock */ = {
			isa = PBXShellScriptBuildPhase;
			buildActionMask = 2147483647;
			files = (
			);
			inputPaths = (
			);
			name = "Check Pods Manifest.lock";
			outputPaths = (
			);
			runOnlyForDeploymentPostprocessing = 0;
			shellPath = /bin/sh;
			shellScript = "diff \"${PODS_ROOT}/../Podfile.lock\" \"${PODS_ROOT}/Manifest.lock\" > /dev/null\nif [[ $? != 0 ]] ; then\n    cat << EOM\nerror: The sandbox is not in sync with the Podfile.lock. Run 'pod install' or update your CocoaPods installation.\nEOM\n    exit 1\nfi\n";
			showEnvVarsInLog = 0;
		};
/* End PBXShellScriptBuildPhase section */

/* Begin PBXSourcesBuildPhase section */
		87BBED0E1CAF2E8000FF05A1 /* Sources */ = {
			isa = PBXSourcesBuildPhase;
			buildActionMask = 2147483647;
			files = (
				87BBED471CAF30B200FF05A1 /* LayoutListTableAdmin.swift in Sources */,
				8760C88F1CAF92380008C0F7 /* UnitListTableAdmin.swift in Sources */,
				87BBED161CAF2E8000FF05A1 /* AppDelegate.swift in Sources */,
				871CC5421CB0B4B800300717 /* UnitSortViewController.swift in Sources */,
				87BBED621CAF516400FF05A1 /* FileConfig.swift in Sources */,
				871952A91CAFE664006137BE /* ConfigMargin.swift in Sources */,
				87BBED4B1CAF372E00FF05A1 /* AppAdmin.swift in Sources */,
				87BBED451CAF305E00FF05A1 /* LayoutListViewController.swift in Sources */,
				871952A71CAFDEEC006137BE /* UnitConfig.swift in Sources */,
				87BBED5E1CAF4E8700FF05A1 /* LayoutEditViewController.swift in Sources */,
				87BBED4D1CAF3AED00FF05A1 /* LayoutFile.swift in Sources */,
				8716764F1CB0915800B90CDD /* ConfigSize.swift in Sources */,
				87BBED601CAF504700FF05A1 /* LayoutEditView.swift in Sources */,
				8760C8911CAF92830008C0F7 /* UnitTableAdmin.swift in Sources */,
				8760C8931CAFAFED0008C0F7 /* UnitConfigViewController.swift in Sources */,
				8760C88D1CAF90E90008C0F7 /* UnitListViewController.swift in Sources */,
				871CC5441CB0B52A00300717 /* UnitSortTableAdmin.swift in Sources */,
			);
			runOnlyForDeploymentPostprocessing = 0;
		};
		87BBED221CAF2E8000FF05A1 /* Sources */ = {
			isa = PBXSourcesBuildPhase;
			buildActionMask = 2147483647;
			files = (
				87FC53C61CB253530081078A /* DivideLayoutMakerTests.swift in Sources */,
			);
			runOnlyForDeploymentPostprocessing = 0;
		};
		87BBED2D1CAF2E8000FF05A1 /* Sources */ = {
			isa = PBXSourcesBuildPhase;
			buildActionMask = 2147483647;
			files = (
				87BBED361CAF2E8000FF05A1 /* DivideLayoutMakerUITests.swift in Sources */,
			);
			runOnlyForDeploymentPostprocessing = 0;
		};
/* End PBXSourcesBuildPhase section */

/* Begin PBXTargetDependency section */
		87BBED281CAF2E8000FF05A1 /* PBXTargetDependency */ = {
			isa = PBXTargetDependency;
			target = 87BBED111CAF2E8000FF05A1 /* DivideLayoutMaker */;
			targetProxy = 87BBED271CAF2E8000FF05A1 /* PBXContainerItemProxy */;
		};
		87BBED331CAF2E8000FF05A1 /* PBXTargetDependency */ = {
			isa = PBXTargetDependency;
			target = 87BBED111CAF2E8000FF05A1 /* DivideLayoutMaker */;
			targetProxy = 87BBED321CAF2E8000FF05A1 /* PBXContainerItemProxy */;
		};
/* End PBXTargetDependency section */

/* Begin PBXVariantGroup section */
		87BBED191CAF2E8000FF05A1 /* Main.storyboard */ = {
			isa = PBXVariantGroup;
			children = (
				87BBED1A1CAF2E8000FF05A1 /* Base */,
			);
			name = Main.storyboard;
			sourceTree = "<group>";
		};
		87BBED1E1CAF2E8000FF05A1 /* LaunchScreen.storyboard */ = {
			isa = PBXVariantGroup;
			children = (
				87BBED1F1CAF2E8000FF05A1 /* Base */,
			);
			name = LaunchScreen.storyboard;
			sourceTree = "<group>";
		};
/* End PBXVariantGroup section */

/* Begin XCBuildConfiguration section */
		87BBED381CAF2E8100FF05A1 /* Debug */ = {
			isa = XCBuildConfiguration;
			buildSettings = {
				ALWAYS_SEARCH_USER_PATHS = NO;
				CLANG_ANALYZER_NONNULL = YES;
				CLANG_CXX_LANGUAGE_STANDARD = "gnu++0x";
				CLANG_CXX_LIBRARY = "libc++";
				CLANG_ENABLE_MODULES = YES;
				CLANG_ENABLE_OBJC_ARC = YES;
				CLANG_WARN_BOOL_CONVERSION = YES;
				CLANG_WARN_CONSTANT_CONVERSION = YES;
				CLANG_WARN_DIRECT_OBJC_ISA_USAGE = YES_ERROR;
				CLANG_WARN_EMPTY_BODY = YES;
				CLANG_WARN_ENUM_CONVERSION = YES;
				CLANG_WARN_INT_CONVERSION = YES;
				CLANG_WARN_OBJC_ROOT_CLASS = YES_ERROR;
				CLANG_WARN_UNREACHABLE_CODE = YES;
				CLANG_WARN__DUPLICATE_METHOD_MATCH = YES;
				"CODE_SIGN_IDENTITY[sdk=iphoneos*]" = "iPhone Developer";
				COPY_PHASE_STRIP = NO;
				DEBUG_INFORMATION_FORMAT = dwarf;
				ENABLE_STRICT_OBJC_MSGSEND = YES;
				ENABLE_TESTABILITY = YES;
				GCC_C_LANGUAGE_STANDARD = gnu99;
				GCC_DYNAMIC_NO_PIC = NO;
				GCC_NO_COMMON_BLOCKS = YES;
				GCC_OPTIMIZATION_LEVEL = 0;
				GCC_PREPROCESSOR_DEFINITIONS = (
					"DEBUG=1",
					"$(inherited)",
				);
				GCC_WARN_64_TO_32_BIT_CONVERSION = YES;
				GCC_WARN_ABOUT_RETURN_TYPE = YES_ERROR;
				GCC_WARN_UNDECLARED_SELECTOR = YES;
				GCC_WARN_UNINITIALIZED_AUTOS = YES_AGGRESSIVE;
				GCC_WARN_UNUSED_FUNCTION = YES;
				GCC_WARN_UNUSED_VARIABLE = YES;
				IPHONEOS_DEPLOYMENT_TARGET = 9.3;
				MTL_ENABLE_DEBUG_INFO = YES;
				ONLY_ACTIVE_ARCH = YES;
				SDKROOT = iphoneos;
				SWIFT_OPTIMIZATION_LEVEL = "-Onone";
				TARGETED_DEVICE_FAMILY = "1,2";
			};
			name = Debug;
		};
		87BBED391CAF2E8100FF05A1 /* Release */ = {
			isa = XCBuildConfiguration;
			buildSettings = {
				ALWAYS_SEARCH_USER_PATHS = NO;
				CLANG_ANALYZER_NONNULL = YES;
				CLANG_CXX_LANGUAGE_STANDARD = "gnu++0x";
				CLANG_CXX_LIBRARY = "libc++";
				CLANG_ENABLE_MODULES = YES;
				CLANG_ENABLE_OBJC_ARC = YES;
				CLANG_WARN_BOOL_CONVERSION = YES;
				CLANG_WARN_CONSTANT_CONVERSION = YES;
				CLANG_WARN_DIRECT_OBJC_ISA_USAGE = YES_ERROR;
				CLANG_WARN_EMPTY_BODY = YES;
				CLANG_WARN_ENUM_CONVERSION = YES;
				CLANG_WARN_INT_CONVERSION = YES;
				CLANG_WARN_OBJC_ROOT_CLASS = YES_ERROR;
				CLANG_WARN_UNREACHABLE_CODE = YES;
				CLANG_WARN__DUPLICATE_METHOD_MATCH = YES;
				"CODE_SIGN_IDENTITY[sdk=iphoneos*]" = "iPhone Developer";
				COPY_PHASE_STRIP = NO;
				DEBUG_INFORMATION_FORMAT = "dwarf-with-dsym";
				ENABLE_NS_ASSERTIONS = NO;
				ENABLE_STRICT_OBJC_MSGSEND = YES;
				GCC_C_LANGUAGE_STANDARD = gnu99;
				GCC_NO_COMMON_BLOCKS = YES;
				GCC_WARN_64_TO_32_BIT_CONVERSION = YES;
				GCC_WARN_ABOUT_RETURN_TYPE = YES_ERROR;
				GCC_WARN_UNDECLARED_SELECTOR = YES;
				GCC_WARN_UNINITIALIZED_AUTOS = YES_AGGRESSIVE;
				GCC_WARN_UNUSED_FUNCTION = YES;
				GCC_WARN_UNUSED_VARIABLE = YES;
				IPHONEOS_DEPLOYMENT_TARGET = 9.3;
				MTL_ENABLE_DEBUG_INFO = NO;
				SDKROOT = iphoneos;
				TARGETED_DEVICE_FAMILY = "1,2";
				VALIDATE_PRODUCT = YES;
			};
			name = Release;
		};
		87BBED3B1CAF2E8100FF05A1 /* Debug */ = {
			isa = XCBuildConfiguration;
			baseConfigurationReference = 22DF525BFE12B802B694968A /* Pods.debug.xcconfig */;
			buildSettings = {
				ASSETCATALOG_COMPILER_APPICON_NAME = AppIcon;
				INFOPLIST_FILE = DivideLayoutMaker/Info.plist;
				LD_RUNPATH_SEARCH_PATHS = "$(inherited) @executable_path/Frameworks";
				PRODUCT_BUNDLE_IDENTIFIER = "com.see-ku.DivideLayoutMaker";
				PRODUCT_NAME = "$(TARGET_NAME)";
			};
			name = Debug;
		};
		87BBED3C1CAF2E8100FF05A1 /* Release */ = {
			isa = XCBuildConfiguration;
			baseConfigurationReference = 8738B0B776A2A461DFDFDA46 /* Pods.release.xcconfig */;
			buildSettings = {
				ASSETCATALOG_COMPILER_APPICON_NAME = AppIcon;
				INFOPLIST_FILE = DivideLayoutMaker/Info.plist;
				LD_RUNPATH_SEARCH_PATHS = "$(inherited) @executable_path/Frameworks";
				PRODUCT_BUNDLE_IDENTIFIER = "com.see-ku.DivideLayoutMaker";
				PRODUCT_NAME = "$(TARGET_NAME)";
			};
			name = Release;
		};
		87BBED3E1CAF2E8100FF05A1 /* Debug */ = {
			isa = XCBuildConfiguration;
			buildSettings = {
				BUNDLE_LOADER = "$(TEST_HOST)";
				CLANG_ENABLE_MODULES = YES;
				INFOPLIST_FILE = DivideLayoutMakerTests/Info.plist;
				LD_RUNPATH_SEARCH_PATHS = "$(inherited) @executable_path/Frameworks @loader_path/Frameworks";
				PRODUCT_BUNDLE_IDENTIFIER = "com.see-ku.DivideLayoutMakerTests";
				PRODUCT_NAME = "$(TARGET_NAME)";
				SWIFT_OPTIMIZATION_LEVEL = "-Onone";
				TEST_HOST = "$(BUILT_PRODUCTS_DIR)/DivideLayoutMaker.app/DivideLayoutMaker";
			};
			name = Debug;
		};
		87BBED3F1CAF2E8100FF05A1 /* Release */ = {
			isa = XCBuildConfiguration;
			buildSettings = {
				BUNDLE_LOADER = "$(TEST_HOST)";
				CLANG_ENABLE_MODULES = YES;
				INFOPLIST_FILE = DivideLayoutMakerTests/Info.plist;
				LD_RUNPATH_SEARCH_PATHS = "$(inherited) @executable_path/Frameworks @loader_path/Frameworks";
				PRODUCT_BUNDLE_IDENTIFIER = "com.see-ku.DivideLayoutMakerTests";
				PRODUCT_NAME = "$(TARGET_NAME)";
				TEST_HOST = "$(BUILT_PRODUCTS_DIR)/DivideLayoutMaker.app/DivideLayoutMaker";
			};
			name = Release;
		};
		87BBED411CAF2E8100FF05A1 /* Debug */ = {
			isa = XCBuildConfiguration;
			buildSettings = {
				INFOPLIST_FILE = DivideLayoutMakerUITests/Info.plist;
				LD_RUNPATH_SEARCH_PATHS = "$(inherited) @executable_path/Frameworks @loader_path/Frameworks";
				PRODUCT_BUNDLE_IDENTIFIER = "com.see-ku.DivideLayoutMakerUITests";
				PRODUCT_NAME = "$(TARGET_NAME)";
				TEST_TARGET_NAME = DivideLayoutMaker;
			};
			name = Debug;
		};
		87BBED421CAF2E8100FF05A1 /* Release */ = {
			isa = XCBuildConfiguration;
			buildSettings = {
				INFOPLIST_FILE = DivideLayoutMakerUITests/Info.plist;
				LD_RUNPATH_SEARCH_PATHS = "$(inherited) @executable_path/Frameworks @loader_path/Frameworks";
				PRODUCT_BUNDLE_IDENTIFIER = "com.see-ku.DivideLayoutMakerUITests";
				PRODUCT_NAME = "$(TARGET_NAME)";
				TEST_TARGET_NAME = DivideLayoutMaker;
			};
			name = Release;
		};
/* End XCBuildConfiguration section */

/* Begin XCConfigurationList section */
		87BBED0D1CAF2E8000FF05A1 /* Build configuration list for PBXProject "DivideLayoutMaker" */ = {
			isa = XCConfigurationList;
			buildConfigurations = (
				87BBED381CAF2E8100FF05A1 /* Debug */,
				87BBED391CAF2E8100FF05A1 /* Release */,
			);
			defaultConfigurationIsVisible = 0;
			defaultConfigurationName = Release;
		};
		87BBED3A1CAF2E8100FF05A1 /* Build configuration list for PBXNativeTarget "DivideLayoutMaker" */ = {
			isa = XCConfigurationList;
			buildConfigurations = (
				87BBED3B1CAF2E8100FF05A1 /* Debug */,
				87BBED3C1CAF2E8100FF05A1 /* Release */,
			);
			defaultConfigurationIsVisible = 0;
			defaultConfigurationName = Release;
		};
		87BBED3D1CAF2E8100FF05A1 /* Build configuration list for PBXNativeTarget "DivideLayoutMakerTests" */ = {
			isa = XCConfigurationList;
			buildConfigurations = (
				87BBED3E1CAF2E8100FF05A1 /* Debug */,
				87BBED3F1CAF2E8100FF05A1 /* Release */,
			);
			defaultConfigurationIsVisible = 0;
			defaultConfigurationName = Release;
		};
		87BBED401CAF2E8100FF05A1 /* Build configuration list for PBXNativeTarget "DivideLayoutMakerUITests" */ = {
			isa = XCConfigurationList;
			buildConfigurations = (
				87BBED411CAF2E8100FF05A1 /* Debug */,
				87BBED421CAF2E8100FF05A1 /* Release */,
			);
			defaultConfigurationIsVisible = 0;
			defaultConfigurationName = Release;
		};
/* End XCConfigurationList section */
	};
	rootObject = 87BBED0A1CAF2E8000FF05A1 /* Project object */;
}
